
Microsoft Visual Studio Solution File, Format Version 12.00
# Visual Studio Version 17
VisualStudioVersion = 17.3.32901.215
MinimumVisualStudioVersion = 10.0.40219.1
Project("{FAE04EC0-301F-11D3-BF4B-00C04F79EFBC}") = "HW4_Moroz", "HW4_Moroz\HW4_Moroz.csproj", "{70BF550B-83A7-4F23-9B39-230359EC621B}"
EndProject
Global
	GlobalSection(SolutionConfigurationPlatforms) = preSolution
		Debug|Any CPU = Debug|Any CPU
		Release|Any CPU = Release|Any CPU
	EndGlobalSection
	GlobalSection(ProjectConfigurationPlatforms) = postSolution
		{70BF550B-83A7-4F23-9B39-230359EC621B}.Debug|Any CPU.ActiveCfg = Debug|Any CPU
		{70BF550B-83A7-4F23-9B39-230359EC621B}.Debug|Any CPU.Build.0 = Debug|Any CPU
		{70BF550B-83A7-4F23-9B39-230359EC621B}.Release|Any CPU.ActiveCfg = Release|Any CPU
		{70BF550B-83A7-4F23-9B39-230359EC621B}.Release|Any CPU.Build.0 = Release|Any CPU
	EndGlobalSection
	GlobalSection(SolutionProperties) = preSolution
		HideSolutionNode = FALSE
	EndGlobalSection
	GlobalSection(ExtensibilityGlobals) = postSolution
		SolutionGuid = {63DE902C-CA95-40FD-9407-E96B1366E9BD}
	EndGlobalSection
EndGlobal
